
Microsoft Visual Studio Solution File, Format Version 12.00
# Visual Studio Version 16
VisualStudioVersion = 16.0.30225.117
MinimumVisualStudioVersion = 10.0.40219.1
Project("{2150E333-8FDC-42A3-9474-1A3956D46DE8}") = "1 - Application", "1 - Application", "{09BD5E24-6FA5-4950-BFEA-065020DC1A0C}"
EndProject
Project("{2150E333-8FDC-42A3-9474-1A3956D46DE8}") = "2 - Domain", "2 - Domain", "{01430B2B-7E9B-42DE-9C3B-44A257AF5DAC}"
EndProject
Project("{2150E333-8FDC-42A3-9474-1A3956D46DE8}") = "3 - Data", "3 - Data", "{0C31A256-F4FC-4D19-B356-C7B1A538C09B}"
EndProject
Project("{2150E333-8FDC-42A3-9474-1A3956D46DE8}") = "4 - Service", "4 - Service", "{35A517FE-19D4-4399-B975-735D6D513B0E}"
EndProject
Project("{2150E333-8FDC-42A3-9474-1A3956D46DE8}") = "5 - Infrastructure", "5 - Infrastructure", "{CC6AAE74-1652-43A7-A468-4CF70D01DCA8}"
EndProject
Project("{2150E333-8FDC-42A3-9474-1A3956D46DE8}") = "Model", "Model", "{BEDAC239-A8EF-4B21-8817-ECE4BD7890F7}"
EndProject
Project("{FAE04EC0-301F-11D3-BF4B-00C04F79EFBC}") = "Air.Liquide.Domain", "src\Air.Liquid.Domain\Air.Liquide.Domain.csproj", "{5FA2D831-9982-4462-A3EE-549F1DED60BC}"
EndProject
Project("{FAE04EC0-301F-11D3-BF4B-00C04F79EFBC}") = "Air.Liquide.Data", "src\Air.Liquid.Data\Air.Liquide.Data.csproj", "{43772204-2AF3-4A54-9506-5411A8366D63}"
EndProject
Project("{FAE04EC0-301F-11D3-BF4B-00C04F79EFBC}") = "Air.Liquide.Infrastrucutre", "src\Air.Liquid.Infrastrucutre\Air.Liquide.Infrastrucutre.csproj", "{A768260F-3722-4B36-8CD8-1C34F5588B08}"
EndProject
Project("{FAE04EC0-301F-11D3-BF4B-00C04F79EFBC}") = "Air.Liquide.Service", "src\Air.Liquid.Service\Air.Liquide.Service.csproj", "{2F492E72-5EA3-4F4C-BF7A-7816BD2AFA4A}"
EndProject
Project("{9A19103F-16F7-4668-BE54-9A1E7A4F7556}") = "Air.Liquide.Bootstrap", "src\Air.Liquid.Bootstrap\Air.Liquide.Bootstrap.csproj", "{461C983E-B1B6-4223-8254-EA882589E160}"
EndProject
Project("{FAE04EC0-301F-11D3-BF4B-00C04F79EFBC}") = "Air.Liquide.Person", "src\Air.Liquede.Person\Air.Liquide.Person.csproj", "{4BC4825E-72A1-4DFA-BCD8-221A6D2D05E4}"
EndProject
Global
	GlobalSection(SolutionConfigurationPlatforms) = preSolution
		Debug|Any CPU = Debug|Any CPU
		Release|Any CPU = Release|Any CPU
	EndGlobalSection
	GlobalSection(ProjectConfigurationPlatforms) = postSolution
		{5FA2D831-9982-4462-A3EE-549F1DED60BC}.Debug|Any CPU.ActiveCfg = Debug|Any CPU
		{5FA2D831-9982-4462-A3EE-549F1DED60BC}.Debug|Any CPU.Build.0 = Debug|Any CPU
		{5FA2D831-9982-4462-A3EE-549F1DED60BC}.Release|Any CPU.ActiveCfg = Release|Any CPU
		{5FA2D831-9982-4462-A3EE-549F1DED60BC}.Release|Any CPU.Build.0 = Release|Any CPU
		{43772204-2AF3-4A54-9506-5411A8366D63}.Debug|Any CPU.ActiveCfg = Debug|Any CPU
		{43772204-2AF3-4A54-9506-5411A8366D63}.Debug|Any CPU.Build.0 = Debug|Any CPU
		{43772204-2AF3-4A54-9506-5411A8366D63}.Release|Any CPU.ActiveCfg = Release|Any CPU
		{43772204-2AF3-4A54-9506-5411A8366D63}.Release|Any CPU.Build.0 = Release|Any CPU
		{A768260F-3722-4B36-8CD8-1C34F5588B08}.Debug|Any CPU.ActiveCfg = Debug|Any CPU
		{A768260F-3722-4B36-8CD8-1C34F5588B08}.Debug|Any CPU.Build.0 = Debug|Any CPU
		{A768260F-3722-4B36-8CD8-1C34F5588B08}.Release|Any CPU.ActiveCfg = Release|Any CPU
		{A768260F-3722-4B36-8CD8-1C34F5588B08}.Release|Any CPU.Build.0 = Release|Any CPU
		{2F492E72-5EA3-4F4C-BF7A-7816BD2AFA4A}.Debug|Any CPU.ActiveCfg = Debug|Any CPU
		{2F492E72-5EA3-4F4C-BF7A-7816BD2AFA4A}.Debug|Any CPU.Build.0 = Debug|Any CPU
		{2F492E72-5EA3-4F4C-BF7A-7816BD2AFA4A}.Release|Any CPU.ActiveCfg = Release|Any CPU
		{2F492E72-5EA3-4F4C-BF7A-7816BD2AFA4A}.Release|Any CPU.Build.0 = Release|Any CPU
		{461C983E-B1B6-4223-8254-EA882589E160}.Debug|Any CPU.ActiveCfg = Debug|Any CPU
		{461C983E-B1B6-4223-8254-EA882589E160}.Debug|Any CPU.Build.0 = Debug|Any CPU
		{461C983E-B1B6-4223-8254-EA882589E160}.Release|Any CPU.ActiveCfg = Release|Any CPU
		{461C983E-B1B6-4223-8254-EA882589E160}.Release|Any CPU.Build.0 = Release|Any CPU
		{4BC4825E-72A1-4DFA-BCD8-221A6D2D05E4}.Debug|Any CPU.ActiveCfg = Debug|Any CPU
		{4BC4825E-72A1-4DFA-BCD8-221A6D2D05E4}.Debug|Any CPU.Build.0 = Debug|Any CPU
		{4BC4825E-72A1-4DFA-BCD8-221A6D2D05E4}.Release|Any CPU.ActiveCfg = Release|Any CPU
		{4BC4825E-72A1-4DFA-BCD8-221A6D2D05E4}.Release|Any CPU.Build.0 = Release|Any CPU
	EndGlobalSection
	GlobalSection(SolutionProperties) = preSolution
		HideSolutionNode = FALSE
	EndGlobalSection
	GlobalSection(NestedProjects) = preSolution
		{BEDAC239-A8EF-4B21-8817-ECE4BD7890F7} = {01430B2B-7E9B-42DE-9C3B-44A257AF5DAC}
		{5FA2D831-9982-4462-A3EE-549F1DED60BC} = {BEDAC239-A8EF-4B21-8817-ECE4BD7890F7}
		{43772204-2AF3-4A54-9506-5411A8366D63} = {0C31A256-F4FC-4D19-B356-C7B1A538C09B}
		{A768260F-3722-4B36-8CD8-1C34F5588B08} = {CC6AAE74-1652-43A7-A468-4CF70D01DCA8}
		{2F492E72-5EA3-4F4C-BF7A-7816BD2AFA4A} = {35A517FE-19D4-4399-B975-735D6D513B0E}
		{461C983E-B1B6-4223-8254-EA882589E160} = {CC6AAE74-1652-43A7-A468-4CF70D01DCA8}
		{4BC4825E-72A1-4DFA-BCD8-221A6D2D05E4} = {09BD5E24-6FA5-4950-BFEA-065020DC1A0C}
	EndGlobalSection
	GlobalSection(ExtensibilityGlobals) = postSolution
		SolutionGuid = {F6AE277C-9B10-4D94-8F9C-3D5C5AC38C97}
	EndGlobalSection
EndGlobal
